
Microsoft Visual Studio Solution File, Format Version 12.00
# Visual Studio Version 17
VisualStudioVersion = 17.6.33815.320
MinimumVisualStudioVersion = 10.0.40219.1
Project("{9A19103F-16F7-4668-BE54-9A1E7A4F7556}") = "BrcCustomCharacters", "BrcCustomCharacters.csproj", "{56FB2BB2-48C2-4CBE-9465-1A06AEB00397}"
EndProject
Global
	GlobalSection(SolutionConfigurationPlatforms) = preSolution
		Debug|Any CPU = Debug|Any CPU
		Release|Any CPU = Release|Any CPU
	EndGlobalSection
	GlobalSection(ProjectConfigurationPlatforms) = postSolution
		{56FB2BB2-48C2-4CBE-9465-1A06AEB00397}.Debug|Any CPU.ActiveCfg = Debug|Any CPU
		{56FB2BB2-48C2-4CBE-9465-1A06AEB00397}.Debug|Any CPU.Build.0 = Debug|Any CPU
		{56FB2BB2-48C2-4CBE-9465-1A06AEB00397}.Release|Any CPU.ActiveCfg = Release|Any CPU
		{56FB2BB2-48C2-4CBE-9465-1A06AEB00397}.Release|Any CPU.Build.0 = Release|Any CPU
	EndGlobalSection
	GlobalSection(SolutionProperties) = preSolution
		HideSolutionNode = FALSE
	EndGlobalSection
	GlobalSection(ExtensibilityGlobals) = postSolution
		SolutionGuid = {DFB4156A-E121-49AB-8344-E5D92ADADE58}
	EndGlobalSection
EndGlobal
